
Microsoft Visual Studio Solution File, Format Version 12.00
# Visual Studio Version 17
VisualStudioVersion = 17.4.33205.214
MinimumVisualStudioVersion = 10.0.40219.1
Project("{FAE04EC0-301F-11D3-BF4B-00C04F79EFBC}") = "ex.BackUp", "ex.BackUp\ex.BackUp.csproj", "{FB01900B-74D9-422A-99B6-B242FFB573A9}"
EndProject
Global
	GlobalSection(SolutionConfigurationPlatforms) = preSolution
		Debug|Any CPU = Debug|Any CPU
		Release|Any CPU = Release|Any CPU
	EndGlobalSection
	GlobalSection(ProjectConfigurationPlatforms) = postSolution
		{FB01900B-74D9-422A-99B6-B242FFB573A9}.Debug|Any CPU.ActiveCfg = Debug|Any CPU
		{FB01900B-74D9-422A-99B6-B242FFB573A9}.Debug|Any CPU.Build.0 = Debug|Any CPU
		{FB01900B-74D9-422A-99B6-B242FFB573A9}.Release|Any CPU.ActiveCfg = Release|Any CPU
		{FB01900B-74D9-422A-99B6-B242FFB573A9}.Release|Any CPU.Build.0 = Release|Any CPU
	EndGlobalSection
	GlobalSection(SolutionProperties) = preSolution
		HideSolutionNode = FALSE
	EndGlobalSection
	GlobalSection(ExtensibilityGlobals) = postSolution
		SolutionGuid = {9274DEE3-2BF7-4DC1-A9FB-3977D6AAD466}
	EndGlobalSection
EndGlobal
